// !$*UTF8*$!
{
	archiveVersion = 1;
	classes = {
	};
	objectVersion = 56;
	objects = {

/* Begin PBXBuildFile section */
		1877A317291B56F500D37B97 /* AppDelegate.m in Sources */ = {isa = PBXBuildFile; fileRef = 1877A316291B56F500D37B97 /* AppDelegate.m */; };
		1877A31A291B56F500D37B97 /* ViewController.m in Sources */ = {isa = PBXBuildFile; fileRef = 1877A319291B56F500D37B97 /* ViewController.m */; };
		1877A31C291B56F600D37B97 /* Assets.xcassets in Resources */ = {isa = PBXBuildFile; fileRef = 1877A31B291B56F600D37B97 /* Assets.xcassets */; };
		1877A31F291B56F600D37B97 /* Main.storyboard in Resources */ = {isa = PBXBuildFile; fileRef = 1877A31D291B56F600D37B97 /* Main.storyboard */; };
		1877A321291B56F600D37B97 /* main.m in Sources */ = {isa = PBXBuildFile; fileRef = 1877A320291B56F600D37B97 /* main.m */; };
		1877A32C291B56F600D37B97 /* Untitled2Tests.m in Sources */ = {isa = PBXBuildFile; fileRef = 1877A32B291B56F600D37B97 /* Untitled2Tests.m */; };
		1877A336291B56F600D37B97 /* Untitled2UITests.m in Sources */ = {isa = PBXBuildFile; fileRef = 1877A335291B56F600D37B97 /* Untitled2UITests.m */; };
		1877A338291B56F600D37B97 /* Untitled2UITestsLaunchTests.m in Sources */ = {isa = PBXBuildFile; fileRef = 1877A337291B56F600D37B97 /* Untitled2UITestsLaunchTests.m */; };
/* End PBXBuildFile section */

/* Begin PBXContainerItemProxy section */
		1877A328291B56F600D37B97 /* PBXContainerItemProxy */ = {
			isa = PBXContainerItemProxy;
			containerPortal = 1877A30A291B56F500D37B97 /* Project object */;
			proxyType = 1;
			remoteGlobalIDString = 1877A311291B56F500D37B97;
			remoteInfo = Untitled2;
		};
		1877A332291B56F600D37B97 /* PBXContainerItemProxy */ = {
			isa = PBXContainerItemProxy;
			containerPortal = 1877A30A291B56F500D37B97 /* Project object */;
			proxyType = 1;
			remoteGlobalIDString = 1877A311291B56F500D37B97;
			remoteInfo = Untitled2;
		};
/* End PBXContainerItemProxy section */

/* Begin PBXFileReference section */
		1877A312291B56F500D37B97 /* Untitled2.app */ = {isa = PBXFileReference; explicitFileType = wrapper.application; includeInIndex = 0; path = Untitled2.app; sourceTree = BUILT_PRODUCTS_DIR; };
		1877A315291B56F500D37B97 /* AppDelegate.h */ = {isa = PBXFileReference; lastKnownFileType = sourcecode.c.h; path = AppDelegate.h; sourceTree = "<group>"; };
		1877A316291B56F500D37B97 /* AppDelegate.m */ = {isa = PBXFileReference; lastKnownFileType = sourcecode.c.objc; path = AppDelegate.m; sourceTree = "<group>"; };
		1877A318291B56F500D37B97 /* ViewController.h */ = {isa = PBXFileReference; lastKnownFileType = sourcecode.c.h; path = ViewController.h; sourceTree = "<group>"; };
		1877A319291B56F500D37B97 /* ViewController.m */ = {isa = PBXFileReference; lastKnownFileType = sourcecode.c.objc; path = ViewController.m; sourceTree = "<group>"; };
		1877A31B291B56F600D37B97 /* Assets.xcassets */ = {isa = PBXFileReference; lastKnownFileType = folder.assetcatalog; path = Assets.xcassets; sourceTree = "<group>"; };
		1877A31E291B56F600D37B97 /* Base */ = {isa = PBXFileReference; lastKnownFileType = file.storyboard; name = Base; path = Base.lproj/Main.storyboard; sourceTree = "<group>"; };
		1877A320291B56F600D37B97 /* main.m */ = {isa = PBXFileReference; lastKnownFileType = sourcecode.c.objc; path = main.m; sourceTree = "<group>"; };
		1877A322291B56F600D37B97 /* Untitled2.entitlements */ = {isa = PBXFileReference; lastKnownFileType = text.plist.entitlements; path = Untitled2.entitlements; sourceTree = "<group>"; };
		1877A327291B56F600D37B97 /* Untitled2Tests.xctest */ = {isa = PBXFileReference; explicitFileType = wrapper.cfbundle; includeInIndex = 0; path = Untitled2Tests.xctest; sourceTree = BUILT_PRODUCTS_DIR; };
		1877A32B291B56F600D37B97 /* Untitled2Tests.m */ = {isa = PBXFileReference; lastKnownFileType = sourcecode.c.objc; path = Untitled2Tests.m; sourceTree = "<group>"; };
		1877A331291B56F600D37B97 /* Untitled2UITests.xctest */ = {isa = PBXFileReference; explicitFileType = wrapper.cfbundle; includeInIndex = 0; path = Untitled2UITests.xctest; sourceTree = BUILT_PRODUCTS_DIR; };
		1877A335291B56F600D37B97 /* Untitled2UITests.m */ = {isa = PBXFileReference; lastKnownFileType = sourcecode.c.objc; path = Untitled2UITests.m; sourceTree = "<group>"; };
		1877A337291B56F600D37B97 /* Untitled2UITestsLaunchTests.m */ = {isa = PBXFileReference; lastKnownFileType = sourcecode.c.objc; path = Untitled2UITestsLaunchTests.m; sourceTree = "<group>"; };
/* End PBXFileReference section */

/* Begin PBXFrameworksBuildPhase section */
		1877A30F291B56F500D37B97 /* Frameworks */ = {
			isa = PBXFrameworksBuildPhase;
			buildActionMask = 2147483647;
			files = (
			);
			runOnlyForDeploymentPostprocessing = 0;
		};
		1877A324291B56F600D37B97 /* Frameworks */ = {
			isa = PBXFrameworksBuildPhase;
			buildActionMask = 2147483647;
			files = (
			);
			runOnlyForDeploymentPostprocessing = 0;
		};
		1877A32E291B56F600D37B97 /* Frameworks */ = {
			isa = PBXFrameworksBuildPhase;
			buildActionMask = 2147483647;
			files = (
			);
			runOnlyForDeploymentPostprocessing = 0;
		};
/* End PBXFrameworksBuildPhase section */

/* Begin PBXGroup section */
		1877A309291B56F500D37B97 = {
			isa = PBXGroup;
			children = (
				1877A314291B56F500D37B97 /* Untitled2 */,
				1877A32A291B56F600D37B97 /* Untitled2Tests */,
				1877A334291B56F600D37B97 /* Untitled2UITests */,
				1877A313291B56F500D37B97 /* Products */,
			);
			sourceTree = "<group>";
		};
		1877A313291B56F500D37B97 /* Products */ = {
			isa = PBXGroup;
			children = (
				1877A312291B56F500D37B97 /* Untitled2.app */,
				1877A327291B56F600D37B97 /* Untitled2Tests.xctest */,
				1877A331291B56F600D37B97 /* Untitled2UITests.xctest */,
			);
			name = Products;
			sourceTree = "<group>";
		};
		1877A314291B56F500D37B97 /* Untitled2 */ = {
			isa = PBXGroup;
			children = (
				1877A315291B56F500D37B97 /* AppDelegate.h */,
				1877A316291B56F500D37B97 /* AppDelegate.m */,
				1877A318291B56F500D37B97 /* ViewController.h */,
				1877A319291B56F500D37B97 /* ViewController.m */,
				1877A31B291B56F600D37B97 /* Assets.xcassets */,
				1877A31D291B56F600D37B97 /* Main.storyboard */,
				1877A320291B56F600D37B97 /* main.m */,
				1877A322291B56F600D37B97 /* Untitled2.entitlements */,
			);
			path = Untitled2;
			sourceTree = "<group>";
		};
		1877A32A291B56F600D37B97 /* Untitled2Tests */ = {
			isa = PBXGroup;
			children = (
				1877A32B291B56F600D37B97 /* Untitled2Tests.m */,
			);
			path = Untitled2Tests;
			sourceTree = "<group>";
		};
		1877A334291B56F600D37B97 /* Untitled2UITests */ = {
			isa = PBXGroup;
			children = (
				1877A335291B56F600D37B97 /* Untitled2UITests.m */,
				1877A337291B56F600D37B97 /* Untitled2UITestsLaunchTests.m */,
			);
			path = Untitled2UITests;
			sourceTree = "<group>";
		};
/* End PBXGroup section */

/* Begin PBXNativeTarget section */
		1877A311291B56F500D37B97 /* Untitled2 */ = {
			isa = PBXNativeTarget;
			buildConfigurationList = 1877A33B291B56F600D37B97 /* Build configuration list for PBXNativeTarget "Untitled2" */;
			buildPhases = (
				1877A30E291B56F500D37B97 /* Sources */,
				1877A30F291B56F500D37B97 /* Frameworks */,
				1877A310291B56F500D37B97 /* Resources */,
			);
			buildRules = (
			);
			dependencies = (
			);
			name = Untitled2;
			productName = Untitled2;
			productReference = 1877A312291B56F500D37B97 /* Untitled2.app */;
			productType = "com.apple.product-type.application";
		};
		1877A326291B56F600D37B97 /* Untitled2Tests */ = {
			isa = PBXNativeTarget;
			buildConfigurationList = 1877A33E291B56F600D37B97 /* Build configuration list for PBXNativeTarget "Untitled2Tests" */;
			buildPhases = (
				1877A323291B56F600D37B97 /* Sources */,
				1877A324291B56F600D37B97 /* Frameworks */,
				1877A325291B56F600D37B97 /* Resources */,
			);
			buildRules = (
			);
			dependencies = (
				1877A329291B56F600D37B97 /* PBXTargetDependency */,
			);
			name = Untitled2Tests;
			productName = Untitled2Tests;
			productReference = 1877A327291B56F600D37B97 /* Untitled2Tests.xctest */;
			productType = "com.apple.product-type.bundle.unit-test";
		};
		1877A330291B56F600D37B97 /* Untitled2UITests */ = {
			isa = PBXNativeTarget;
			buildConfigurationList = 1877A341291B56F600D37B97 /* Build configuration list for PBXNativeTarget "Untitled2UITests" */;
			buildPhases = (
				1877A32D291B56F600D37B97 /* Sources */,
				1877A32E291B56F600D37B97 /* Frameworks */,
				1877A32F291B56F600D37B97 /* Resources */,
			);
			buildRules = (
			);
			dependencies = (
				1877A333291B56F600D37B97 /* PBXTargetDependency */,
			);
			name = Untitled2UITests;
			productName = Untitled2UITests;
			productReference = 1877A331291B56F600D37B97 /* Untitled2UITests.xctest */;
			productType = "com.apple.product-type.bundle.ui-testing";
		};
/* End PBXNativeTarget section */

/* Begin PBXProject section */
		1877A30A291B56F500D37B97 /* Project object */ = {
			isa = PBXProject;
			attributes = {
				BuildIndependentTargetsInParallel = 1;
				LastUpgradeCheck = 1400;
				TargetAttributes = {
					1877A311291B56F500D37B97 = {
						CreatedOnToolsVersion = 14.0.1;
					};
					1877A326291B56F600D37B97 = {
						CreatedOnToolsVersion = 14.0.1;
						TestTargetID = 1877A311291B56F500D37B97;
					};
					1877A330291B56F600D37B97 = {
						CreatedOnToolsVersion = 14.0.1;
						TestTargetID = 1877A311291B56F500D37B97;
					};
				};
			};
			buildConfigurationList = 1877A30D291B56F500D37B97 /* Build configuration list for PBXProject "Untitled2" */;
			compatibilityVersion = "Xcode 14.0";
			developmentRegion = en;
			hasScannedForEncodings = 0;
			knownRegions = (
				en,
				Base,
			);
			mainGroup = 1877A309291B56F500D37B97;
			productRefGroup = 1877A313291B56F500D37B97 /* Products */;
			projectDirPath = "";
			projectRoot = "";
			targets = (
				1877A311291B56F500D37B97 /* Untitled2 */,
				1877A326291B56F600D37B97 /* Untitled2Tests */,
				1877A330291B56F600D37B97 /* Untitled2UITests */,
			);
		};
/* End PBXProject section */

/* Begin PBXResourcesBuildPhase section */
		1877A310291B56F500D37B97 /* Resources */ = {
			isa = PBXResourcesBuildPhase;
			buildActionMask = 2147483647;
			files = (
				1877A31C291B56F600D37B97 /* Assets.xcassets in Resources */,
				1877A31F291B56F600D37B97 /* Main.storyboard in Resources */,
			);
			runOnlyForDeploymentPostprocessing = 0;
		};
		1877A325291B56F600D37B97 /* Resources */ = {
			isa = PBXResourcesBuildPhase;
			buildActionMask = 2147483647;
			files = (
			);
			runOnlyForDeploymentPostprocessing = 0;
		};
		1877A32F291B56F600D37B97 /* Resources */ = {
			isa = PBXResourcesBuildPhase;
			buildActionMask = 2147483647;
			files = (
			);
			runOnlyForDeploymentPostprocessing = 0;
		};
/* End PBXResourcesBuildPhase section */

/* Begin PBXSourcesBuildPhase section */
		1877A30E291B56F500D37B97 /* Sources */ = {
			isa = PBXSourcesBuildPhase;
			buildActionMask = 2147483647;
			files = (
				1877A31A291B56F500D37B97 /* ViewController.m in Sources */,
				1877A321291B56F600D37B97 /* main.m in Sources */,
				1877A317291B56F500D37B97 /* AppDelegate.m in Sources */,
			);
			runOnlyForDeploymentPostprocessing = 0;
		};
		1877A323291B56F600D37B97 /* Sources */ = {
			isa = PBXSourcesBuildPhase;
			buildActionMask = 2147483647;
			files = (
				1877A32C291B56F600D37B97 /* Untitled2Tests.m in Sources */,
			);
			runOnlyForDeploymentPostprocessing = 0;
		};
		1877A32D291B56F600D37B97 /* Sources */ = {
			isa = PBXSourcesBuildPhase;
			buildActionMask = 2147483647;
			files = (
				1877A338291B56F600D37B97 /* Untitled2UITestsLaunchTests.m in Sources */,
				1877A336291B56F600D37B97 /* Untitled2UITests.m in Sources */,
			);
			runOnlyForDeploymentPostprocessing = 0;
		};
/* End PBXSourcesBuildPhase section */

/* Begin PBXTargetDependency section */
		1877A329291B56F600D37B97 /* PBXTargetDependency */ = {
			isa = PBXTargetDependency;
			target = 1877A311291B56F500D37B97 /* Untitled2 */;
			targetProxy = 1877A328291B56F600D37B97 /* PBXContainerItemProxy */;
		};
		1877A333291B56F600D37B97 /* PBXTargetDependency */ = {
			isa = PBXTargetDependency;
			target = 1877A311291B56F500D37B97 /* Untitled2 */;
			targetProxy = 1877A332291B56F600D37B97 /* PBXContainerItemProxy */;
		};
/* End PBXTargetDependency section */

/* Begin PBXVariantGroup section */
		1877A31D291B56F600D37B97 /* Main.storyboard */ = {
			isa = PBXVariantGroup;
			children = (
				1877A31E291B56F600D37B97 /* Base */,
			);
			name = Main.storyboard;
			sourceTree = "<group>";
		};
/* End PBXVariantGroup section */

/* Begin XCBuildConfiguration section */
		1877A339291B56F600D37B97 /* Debug */ = {
			isa = XCBuildConfiguration;
			buildSettings = {
				ALWAYS_SEARCH_USER_PATHS = NO;
				CLANG_ANALYZER_NONNULL = YES;
				CLANG_ANALYZER_NUMBER_OBJECT_CONVERSION = YES_AGGRESSIVE;
				CLANG_CXX_LANGUAGE_STANDARD = "gnu++20";
				CLANG_ENABLE_MODULES = YES;
				CLANG_ENABLE_OBJC_ARC = YES;
				CLANG_ENABLE_OBJC_WEAK = YES;
				CLANG_WARN_BLOCK_CAPTURE_AUTORELEASING = YES;
				CLANG_WARN_BOOL_CONVERSION = YES;
				CLANG_WARN_COMMA = YES;
				CLANG_WARN_CONSTANT_CONVERSION = YES;
				CLANG_WARN_DEPRECATED_OBJC_IMPLEMENTATIONS = YES;
				CLANG_WARN_DIRECT_OBJC_ISA_USAGE = YES_ERROR;
				CLANG_WARN_DOCUMENTATION_COMMENTS = YES;
				CLANG_WARN_EMPTY_BODY = YES;
				CLANG_WARN_ENUM_CONVERSION = YES;
				CLANG_WARN_INFINITE_RECURSION = YES;
				CLANG_WARN_INT_CONVERSION = YES;
				CLANG_WARN_NON_LITERAL_NULL_CONVERSION = YES;
				CLANG_WARN_OBJC_IMPLICIT_RETAIN_SELF = YES;
				CLANG_WARN_OBJC_LITERAL_CONVERSION = YES;
				CLANG_WARN_OBJC_ROOT_CLASS = YES_ERROR;
				CLANG_WARN_QUOTED_INCLUDE_IN_FRAMEWORK_HEADER = YES;
				CLANG_WARN_RANGE_LOOP_ANALYSIS = YES;
				CLANG_WARN_STRICT_PROTOTYPES = YES;
				CLANG_WARN_SUSPICIOUS_MOVE = YES;
				CLANG_WARN_UNGUARDED_AVAILABILITY = YES_AGGRESSIVE;
				CLANG_WARN_UNREACHABLE_CODE = YES;
				CLANG_WARN__DUPLICATE_METHOD_MATCH = YES;
				COPY_PHASE_STRIP = NO;
				DEBUG_INFORMATION_FORMAT = dwarf;
				ENABLE_STRICT_OBJC_MSGSEND = YES;
				ENABLE_TESTABILITY = YES;
				GCC_C_LANGUAGE_STANDARD = gnu11;
				GCC_DYNAMIC_NO_PIC = NO;
				GCC_NO_COMMON_BLOCKS = YES;
				GCC_OPTIMIZATION_LEVEL = 0;
				GCC_PREPROCESSOR_DEFINITIONS = (
					"DEBUG=1",
					"$(inherited)",
				);
				GCC_WARN_64_TO_32_BIT_CONVERSION = YES;
				GCC_WARN_ABOUT_RETURN_TYPE = YES_ERROR;
				GCC_WARN_UNDECLARED_SELECTOR = YES;
				GCC_WARN_UNINITIALIZED_AUTOS = YES_AGGRESSIVE;
				GCC_WARN_UNUSED_FUNCTION = YES;
				GCC_WARN_UNUSED_VARIABLE = YES;
				MACOSX_DEPLOYMENT_TARGET = 12.3;
				MTL_ENABLE_DEBUG_INFO = INCLUDE_SOURCE;
				MTL_FAST_MATH = YES;
				ONLY_ACTIVE_ARCH = YES;
				SDKROOT = macosx;
			};
			name = Debug;
		};
		1877A33A291B56F600D37B97 /* Release */ = {
			isa = XCBuildConfiguration;
			buildSettings = {
				ALWAYS_SEARCH_USER_PATHS = NO;
				CLANG_ANALYZER_NONNULL = YES;
				CLANG_ANALYZER_NUMBER_OBJECT_CONVERSION = YES_AGGRESSIVE;
				CLANG_CXX_LANGUAGE_STANDARD = "gnu++20";
				CLANG_ENABLE_MODULES = YES;
				CLANG_ENABLE_OBJC_ARC = YES;
				CLANG_ENABLE_OBJC_WEAK = YES;
				CLANG_WARN_BLOCK_CAPTURE_AUTORELEASING = YES;
				CLANG_WARN_BOOL_CONVERSION = YES;
				CLANG_WARN_COMMA = YES;
				CLANG_WARN_CONSTANT_CONVERSION = YES;
				CLANG_WARN_DEPRECATED_OBJC_IMPLEMENTATIONS = YES;
				CLANG_WARN_DIRECT_OBJC_ISA_USAGE = YES_ERROR;
				CLANG_WARN_DOCUMENTATION_COMMENTS = YES;
				CLANG_WARN_EMPTY_BODY = YES;
				CLANG_WARN_ENUM_CONVERSION = YES;
				CLANG_WARN_INFINITE_RECURSION = YES;
				CLANG_WARN_INT_CONVERSION = YES;
				CLANG_WARN_NON_LITERAL_NULL_CONVERSION = YES;
				CLANG_WARN_OBJC_IMPLICIT_RETAIN_SELF = YES;
				CLANG_WARN_OBJC_LITERAL_CONVERSION = YES;
				CLANG_WARN_OBJC_ROOT_CLASS = YES_ERROR;
				CLANG_WARN_QUOTED_INCLUDE_IN_FRAMEWORK_HEADER = YES;
				CLANG_WARN_RANGE_LOOP_ANALYSIS = YES;
				CLANG_WARN_STRICT_PROTOTYPES = YES;
				CLANG_WARN_SUSPICIOUS_MOVE = YES;
				CLANG_WARN_UNGUARDED_AVAILABILITY = YES_AGGRESSIVE;
				CLANG_WARN_UNREACHABLE_CODE = YES;
				CLANG_WARN__DUPLICATE_METHOD_MATCH = YES;
				COPY_PHASE_STRIP = NO;
				DEBUG_INFORMATION_FORMAT = "dwarf-with-dsym";
				ENABLE_NS_ASSERTIONS = NO;
				ENABLE_STRICT_OBJC_MSGSEND = YES;
				GCC_C_LANGUAGE_STANDARD = gnu11;
				GCC_NO_COMMON_BLOCKS = YES;
				GCC_WARN_64_TO_32_BIT_CONVERSION = YES;
				GCC_WARN_ABOUT_RETURN_TYPE = YES_ERROR;
				GCC_WARN_UNDECLARED_SELECTOR = YES;
				GCC_WARN_UNINITIALIZED_AUTOS = YES_AGGRESSIVE;
				GCC_WARN_UNUSED_FUNCTION = YES;
				GCC_WARN_UNUSED_VARIABLE = YES;
				MACOSX_DEPLOYMENT_TARGET = 12.3;
				MTL_ENABLE_DEBUG_INFO = NO;
				MTL_FAST_MATH = YES;
				SDKROOT = macosx;
			};
			name = Release;
		};
		1877A33C291B56F600D37B97 /* Debug */ = {
			isa = XCBuildConfiguration;
			buildSettings = {
				ASSETCATALOG_COMPILER_APPICON_NAME = AppIcon;
				ASSETCATALOG_COMPILER_GLOBAL_ACCENT_COLOR_NAME = AccentColor;
				CODE_SIGN_ENTITLEMENTS = Untitled2/Untitled2.entitlements;
				CODE_SIGN_STYLE = Automatic;
				COMBINE_HIDPI_IMAGES = YES;
				CURRENT_PROJECT_VERSION = 1;
				DEVELOPMENT_TEAM = YL2HMWJ588;
				ENABLE_HARDENED_RUNTIME = YES;
				GENERATE_INFOPLIST_FILE = YES;
				INFOPLIST_KEY_NSHumanReadableCopyright = "";
				INFOPLIST_KEY_NSMainStoryboardFile = Main;
				INFOPLIST_KEY_NSPrincipalClass = NSApplication;
				LD_RUNPATH_SEARCH_PATHS = (
					"$(inherited)",
					"@executable_path/../Frameworks",
				);
				MARKETING_VERSION = 1.0;
				PRODUCT_BUNDLE_IDENTIFIER = apple.Untitled2;
				PRODUCT_NAME = "$(TARGET_NAME)";
				SWIFT_EMIT_LOC_STRINGS = YES;
			};
			name = Debug;
		};
		1877A33D291B56F600D37B97 /* Release */ = {
			isa = XCBuildConfiguration;
			buildSettings = {
				ASSETCATALOG_COMPILER_APPICON_NAME = AppIcon;
				ASSETCATALOG_COMPILER_GLOBAL_ACCENT_COLOR_NAME = AccentColor;
				CODE_SIGN_ENTITLEMENTS = Untitled2/Untitled2.entitlements;
				CODE_SIGN_STYLE = Automatic;
				COMBINE_HIDPI_IMAGES = YES;
				CURRENT_PROJECT_VERSION = 1;
				DEVELOPMENT_TEAM = YL2HMWJ588;
				ENABLE_HARDENED_RUNTIME = YES;
				GENERATE_INFOPLIST_FILE = YES;
				INFOPLIST_KEY_NSHumanReadableCopyright = "";
				INFOPLIST_KEY_NSMainStoryboardFile = Main;
				INFOPLIST_KEY_NSPrincipalClass = NSApplication;
				LD_RUNPATH_SEARCH_PATHS = (
					"$(inherited)",
					"@executable_path/../Frameworks",
				);
				MARKETING_VERSION = 1.0;
				PRODUCT_BUNDLE_IDENTIFIER = apple.Untitled2;
				PRODUCT_NAME = "$(TARGET_NAME)";
				SWIFT_EMIT_LOC_STRINGS = YES;
			};
			name = Release;
		};
		1877A33F291B56F600D37B97 /* Debug */ = {
			isa = XCBuildConfiguration;
			buildSettings = {
				BUNDLE_LOADER = "$(TEST_HOST)";
				CODE_SIGN_STYLE = Automatic;
				CURRENT_PROJECT_VERSION = 1;
				DEVELOPMENT_TEAM = YL2HMWJ588;
				GENERATE_INFOPLIST_FILE = YES;
				MACOSX_DEPLOYMENT_TARGET = 12.3;
				MARKETING_VERSION = 1.0;
				PRODUCT_BUNDLE_IDENTIFIER = apple.Untitled2Tests;
				PRODUCT_NAME = "$(TARGET_NAME)";
				SWIFT_EMIT_LOC_STRINGS = NO;
				TEST_HOST = "$(BUILT_PRODUCTS_DIR)/Untitled2.app/$(BUNDLE_EXECUTABLE_FOLDER_PATH)/Untitled2";
			};
			name = Debug;
		};
		1877A340291B56F600D37B97 /* Release */ = {
			isa = XCBuildConfiguration;
			buildSettings = {
				BUNDLE_LOADER = "$(TEST_HOST)";
				CODE_SIGN_STYLE = Automatic;
				CURRENT_PROJECT_VERSION = 1;
				DEVELOPMENT_TEAM = YL2HMWJ588;
				GENERATE_INFOPLIST_FILE = YES;
				MACOSX_DEPLOYMENT_TARGET = 12.3;
				MARKETING_VERSION = 1.0;
				PRODUCT_BUNDLE_IDENTIFIER = apple.Untitled2Tests;
				PRODUCT_NAME = "$(TARGET_NAME)";
				SWIFT_EMIT_LOC_STRINGS = NO;
				TEST_HOST = "$(BUILT_PRODUCTS_DIR)/Untitled2.app/$(BUNDLE_EXECUTABLE_FOLDER_PATH)/Untitled2";
			};
			name = Release;
		};
		1877A342291B56F600D37B97 /* Debug */ = {
			isa = XCBuildConfiguration;
			buildSettings = {
				CODE_SIGN_STYLE = Automatic;
				CURRENT_PROJECT_VERSION = 1;
				DEVELOPMENT_TEAM = YL2HMWJ588;
				GENERATE_INFOPLIST_FILE = YES;
				MARKETING_VERSION = 1.0;
				PRODUCT_BUNDLE_IDENTIFIER = apple.Untitled2UITests;
				PRODUCT_NAME = "$(TARGET_NAME)";
				SWIFT_EMIT_LOC_STRINGS = NO;
				TEST_TARGET_NAME = Untitled2;
			};
			name = Debug;
		};
		1877A343291B56F600D37B97 /* Release */ = {
			isa = XCBuildConfiguration;
			buildSettings = {
				CODE_SIGN_STYLE = Automatic;
				CURRENT_PROJECT_VERSION = 1;
				DEVELOPMENT_TEAM = YL2HMWJ588;
				GENERATE_INFOPLIST_FILE = YES;
				MARKETING_VERSION = 1.0;
				PRODUCT_BUNDLE_IDENTIFIER = apple.Untitled2UITests;
				PRODUCT_NAME = "$(TARGET_NAME)";
				SWIFT_EMIT_LOC_STRINGS = NO;
				TEST_TARGET_NAME = Untitled2;
			};
			name = Release;
		};
/* End XCBuildConfiguration section */

/* Begin XCConfigurationList section */
		1877A30D291B56F500D37B97 /* Build configuration list for PBXProject "Untitled2" */ = {
			isa = XCConfigurationList;
			buildConfigurations = (
				1877A339291B56F600D37B97 /* Debug */,
				1877A33A291B56F600D37B97 /* Release */,
			);
			defaultConfigurationIsVisible = 0;
			defaultConfigurationName = Release;
		};
		1877A33B291B56F600D37B97 /* Build configuration list for PBXNativeTarget "Untitled2" */ = {
			isa = XCConfigurationList;
			buildConfigurations = (
				1877A33C291B56F600D37B97 /* Debug */,
				1877A33D291B56F600D37B97 /* Release */,
			);
			defaultConfigurationIsVisible = 0;
			defaultConfigurationName = Release;
		};
		1877A33E291B56F600D37B97 /* Build configuration list for PBXNativeTarget "Untitled2Tests" */ = {
			isa = XCConfigurationList;
			buildConfigurations = (
				1877A33F291B56F600D37B97 /* Debug */,
				1877A340291B56F600D37B97 /* Release */,
			);
			defaultConfigurationIsVisible = 0;
			defaultConfigurationName = Release;
		};
		1877A341291B56F600D37B97 /* Build configuration list for PBXNativeTarget "Untitled2UITests" */ = {
			isa = XCConfigurationList;
			buildConfigurations = (
				1877A342291B56F600D37B97 /* Debug */,
				1877A343291B56F600D37B97 /* Release */,
			);
			defaultConfigurationIsVisible = 0;
			defaultConfigurationName = Release;
		};
/* End XCConfigurationList section */
	};
	rootObject = 1877A30A291B56F500D37B97 /* Project object */;
}
